// !$*UTF8*$!
{
	archiveVersion = 1;
	classes = {
	};
	objectVersion = 46;
	objects = {

/* Begin PBXBuildFile section */
		512897EA1BEC869800B59B62 /* main.m in Sources */ = {isa = PBXBuildFile; fileRef = 512897E91BEC869800B59B62 /* main.m */; };
		512897ED1BEC869800B59B62 /* AppDelegate.m in Sources */ = {isa = PBXBuildFile; fileRef = 512897EC1BEC869800B59B62 /* AppDelegate.m */; };
		512897F31BEC869800B59B62 /* Main.storyboard in Resources */ = {isa = PBXBuildFile; fileRef = 512897F11BEC869800B59B62 /* Main.storyboard */; };
		512897F51BEC869800B59B62 /* Assets.xcassets in Resources */ = {isa = PBXBuildFile; fileRef = 512897F41BEC869800B59B62 /* Assets.xcassets */; };
		512897F81BEC869800B59B62 /* LaunchScreen.storyboard in Resources */ = {isa = PBXBuildFile; fileRef = 512897F61BEC869800B59B62 /* LaunchScreen.storyboard */; };
		512898041BEC99BF00B59B62 /* ShopTableViewController.m in Sources */ = {isa = PBXBuildFile; fileRef = 512898031BEC99BF00B59B62 /* ShopTableViewController.m */; };
		512898071BEC9B5100B59B62 /* Helper.m in Sources */ = {isa = PBXBuildFile; fileRef = 512898061BEC9B5100B59B62 /* Helper.m */; };
		5128980A1BEC9E2600B59B62 /* ShopManager.m in Sources */ = {isa = PBXBuildFile; fileRef = 512898091BEC9E2600B59B62 /* ShopManager.m */; };
		5128980D1BEC9E8500B59B62 /* Item.m in Sources */ = {isa = PBXBuildFile; fileRef = 5128980C1BEC9E8500B59B62 /* Item.m */; };
		5128980F1BEC9EB000B59B62 /* InitialShopItems.plist in Resources */ = {isa = PBXBuildFile; fileRef = 5128980E1BEC9EB000B59B62 /* InitialShopItems.plist */; };
		516713931BED4FC900B1DEE9 /* ShopItemTableViewCell.m in Sources */ = {isa = PBXBuildFile; fileRef = 516713911BED4FC900B1DEE9 /* ShopItemTableViewCell.m */; };
		516713941BED4FC900B1DEE9 /* ShopItemTableViewCell.xib in Resources */ = {isa = PBXBuildFile; fileRef = 516713921BED4FC900B1DEE9 /* ShopItemTableViewCell.xib */; };
/* End PBXBuildFile section */

/* Begin PBXFileReference section */
		512897E51BEC869800B59B62 /* eShop.app */ = {isa = PBXFileReference; explicitFileType = wrapper.application; includeInIndex = 0; path = eShop.app; sourceTree = BUILT_PRODUCTS_DIR; };
		512897E91BEC869800B59B62 /* main.m */ = {isa = PBXFileReference; lastKnownFileType = sourcecode.c.objc; path = main.m; sourceTree = "<group>"; };
		512897EB1BEC869800B59B62 /* AppDelegate.h */ = {isa = PBXFileReference; lastKnownFileType = sourcecode.c.h; path = AppDelegate.h; sourceTree = "<group>"; };
		512897EC1BEC869800B59B62 /* AppDelegate.m */ = {isa = PBXFileReference; lastKnownFileType = sourcecode.c.objc; path = AppDelegate.m; sourceTree = "<group>"; };
		512897F21BEC869800B59B62 /* Base */ = {isa = PBXFileReference; lastKnownFileType = file.storyboard; name = Base; path = Base.lproj/Main.storyboard; sourceTree = "<group>"; };
		512897F41BEC869800B59B62 /* Assets.xcassets */ = {isa = PBXFileReference; lastKnownFileType = folder.assetcatalog; path = Assets.xcassets; sourceTree = "<group>"; };
		512897F71BEC869800B59B62 /* Base */ = {isa = PBXFileReference; lastKnownFileType = file.storyboard; name = Base; path = Base.lproj/LaunchScreen.storyboard; sourceTree = "<group>"; };
		512897F91BEC869800B59B62 /* Info.plist */ = {isa = PBXFileReference; lastKnownFileType = text.plist.xml; path = Info.plist; sourceTree = "<group>"; };
		512898021BEC99BF00B59B62 /* ShopTableViewController.h */ = {isa = PBXFileReference; fileEncoding = 4; lastKnownFileType = sourcecode.c.h; path = ShopTableViewController.h; sourceTree = "<group>"; };
		512898031BEC99BF00B59B62 /* ShopTableViewController.m */ = {isa = PBXFileReference; fileEncoding = 4; lastKnownFileType = sourcecode.c.objc; path = ShopTableViewController.m; sourceTree = "<group>"; };
		512898051BEC9B5100B59B62 /* Helper.h */ = {isa = PBXFileReference; fileEncoding = 4; lastKnownFileType = sourcecode.c.h; path = Helper.h; sourceTree = "<group>"; };
		512898061BEC9B5100B59B62 /* Helper.m */ = {isa = PBXFileReference; fileEncoding = 4; lastKnownFileType = sourcecode.c.objc; path = Helper.m; sourceTree = "<group>"; };
		512898081BEC9E2600B59B62 /* ShopManager.h */ = {isa = PBXFileReference; fileEncoding = 4; lastKnownFileType = sourcecode.c.h; path = ShopManager.h; sourceTree = "<group>"; };
		512898091BEC9E2600B59B62 /* ShopManager.m */ = {isa = PBXFileReference; fileEncoding = 4; lastKnownFileType = sourcecode.c.objc; path = ShopManager.m; sourceTree = "<group>"; };
		5128980B1BEC9E8500B59B62 /* Item.h */ = {isa = PBXFileReference; fileEncoding = 4; lastKnownFileType = sourcecode.c.h; path = Item.h; sourceTree = "<group>"; };
		5128980C1BEC9E8500B59B62 /* Item.m */ = {isa = PBXFileReference; fileEncoding = 4; lastKnownFileType = sourcecode.c.objc; path = Item.m; sourceTree = "<group>"; };
		5128980E1BEC9EB000B59B62 /* InitialShopItems.plist */ = {isa = PBXFileReference; fileEncoding = 4; lastKnownFileType = text.plist.xml; path = InitialShopItems.plist; sourceTree = "<group>"; };
		516713901BED4FC900B1DEE9 /* ShopItemTableViewCell.h */ = {isa = PBXFileReference; fileEncoding = 4; lastKnownFileType = sourcecode.c.h; path = ShopItemTableViewCell.h; sourceTree = "<group>"; };
		516713911BED4FC900B1DEE9 /* ShopItemTableViewCell.m */ = {isa = PBXFileReference; fileEncoding = 4; lastKnownFileType = sourcecode.c.objc; path = ShopItemTableViewCell.m; sourceTree = "<group>"; };
		516713921BED4FC900B1DEE9 /* ShopItemTableViewCell.xib */ = {isa = PBXFileReference; fileEncoding = 4; lastKnownFileType = file.xib; path = ShopItemTableViewCell.xib; sourceTree = "<group>"; };
/* End PBXFileReference section */

/* Begin PBXFrameworksBuildPhase section */
		512897E21BEC869800B59B62 /* Frameworks */ = {
			isa = PBXFrameworksBuildPhase;
			buildActionMask = 2147483647;
			files = (
			);
			runOnlyForDeploymentPostprocessing = 0;
		};
/* End PBXFrameworksBuildPhase section */

/* Begin PBXGroup section */
		512897DC1BEC869800B59B62 = {
			isa = PBXGroup;
			children = (
				512897E71BEC869800B59B62 /* eShop */,
				512897E61BEC869800B59B62 /* Products */,
			);
			sourceTree = "<group>";
		};
		512897E61BEC869800B59B62 /* Products */ = {
			isa = PBXGroup;
			children = (
				512897E51BEC869800B59B62 /* eShop.app */,
			);
			name = Products;
			sourceTree = "<group>";
		};
		512897E71BEC869800B59B62 /* eShop */ = {
			isa = PBXGroup;
			children = (
				512898001BEC97A700B59B62 /* Model */,
				512898011BEC97A700B59B62 /* View */,
				512897FF1BEC97A700B59B62 /* Controllers */,
				512897F11BEC869800B59B62 /* Main.storyboard */,
				512897F41BEC869800B59B62 /* Assets.xcassets */,
				512897F61BEC869800B59B62 /* LaunchScreen.storyboard */,
				512897F91BEC869800B59B62 /* Info.plist */,
				512897E81BEC869800B59B62 /* Supporting Files */,
			);
			path = eShop;
			sourceTree = "<group>";
		};
		512897E81BEC869800B59B62 /* Supporting Files */ = {
			isa = PBXGroup;
			children = (
				512897EB1BEC869800B59B62 /* AppDelegate.h */,
				512897EC1BEC869800B59B62 /* AppDelegate.m */,
				512897E91BEC869800B59B62 /* main.m */,
				512898051BEC9B5100B59B62 /* Helper.h */,
				512898061BEC9B5100B59B62 /* Helper.m */,
				5128980E1BEC9EB000B59B62 /* InitialShopItems.plist */,
			);
			name = "Supporting Files";
			sourceTree = "<group>";
		};
		512897FF1BEC97A700B59B62 /* Controllers */ = {
			isa = PBXGroup;
			children = (
				512898021BEC99BF00B59B62 /* ShopTableViewController.h */,
				512898031BEC99BF00B59B62 /* ShopTableViewController.m */,
			);
			path = Controllers;
			sourceTree = "<group>";
		};
		512898001BEC97A700B59B62 /* Model */ = {
			isa = PBXGroup;
			children = (
				512898081BEC9E2600B59B62 /* ShopManager.h */,
				512898091BEC9E2600B59B62 /* ShopManager.m */,
				5128980B1BEC9E8500B59B62 /* Item.h */,
				5128980C1BEC9E8500B59B62 /* Item.m */,
			);
			path = Model;
			sourceTree = "<group>";
		};
		512898011BEC97A700B59B62 /* View */ = {
			isa = PBXGroup;
			children = (
				516713901BED4FC900B1DEE9 /* ShopItemTableViewCell.h */,
				516713911BED4FC900B1DEE9 /* ShopItemTableViewCell.m */,
				516713921BED4FC900B1DEE9 /* ShopItemTableViewCell.xib */,
			);
			path = View;
			sourceTree = "<group>";
		};
/* End PBXGroup section */

/* Begin PBXNativeTarget section */
		512897E41BEC869800B59B62 /* eShop */ = {
			isa = PBXNativeTarget;
			buildConfigurationList = 512897FC1BEC869800B59B62 /* Build configuration list for PBXNativeTarget "eShop" */;
			buildPhases = (
				512897E11BEC869800B59B62 /* Sources */,
				512897E21BEC869800B59B62 /* Frameworks */,
				512897E31BEC869800B59B62 /* Resources */,
			);
			buildRules = (
			);
			dependencies = (
			);
			name = eShop;
			productName = eShop;
			productReference = 512897E51BEC869800B59B62 /* eShop.app */;
			productType = "com.apple.product-type.application";
		};
/* End PBXNativeTarget section */

/* Begin PBXProject section */
		512897DD1BEC869800B59B62 /* Project object */ = {
			isa = PBXProject;
			attributes = {
				LastUpgradeCheck = 0710;
				ORGANIZATIONNAME = "Vasyl Koysiuba";
				TargetAttributes = {
					512897E41BEC869800B59B62 = {
						CreatedOnToolsVersion = 7.1;
					};
				};
			};
			buildConfigurationList = 512897E01BEC869800B59B62 /* Build configuration list for PBXProject "eShop" */;
			compatibilityVersion = "Xcode 3.2";
			developmentRegion = English;
			hasScannedForEncodings = 0;
			knownRegions = (
				en,
				Base,
			);
			mainGroup = 512897DC1BEC869800B59B62;
			productRefGroup = 512897E61BEC869800B59B62 /* Products */;
			projectDirPath = "";
			projectRoot = "";
			targets = (
				512897E41BEC869800B59B62 /* eShop */,
			);
		};
/* End PBXProject section */

/* Begin PBXResourcesBuildPhase section */
		512897E31BEC869800B59B62 /* Resources */ = {
			isa = PBXResourcesBuildPhase;
			buildActionMask = 2147483647;
			files = (
				512897F81BEC869800B59B62 /* LaunchScreen.storyboard in Resources */,
				516713941BED4FC900B1DEE9 /* ShopItemTableViewCell.xib in Resources */,
				512897F51BEC869800B59B62 /* Assets.xcassets in Resources */,
				5128980F1BEC9EB000B59B62 /* InitialShopItems.plist in Resources */,
				512897F31BEC869800B59B62 /* Main.storyboard in Resources */,
			);
			runOnlyForDeploymentPostprocessing = 0;
		};
/* End PBXResourcesBuildPhase section */

/* Begin PBXSourcesBuildPhase section */
		512897E11BEC869800B59B62 /* Sources */ = {
			isa = PBXSourcesBuildPhase;
			buildActionMask = 2147483647;
			files = (
				516713931BED4FC900B1DEE9 /* ShopItemTableViewCell.m in Sources */,
				5128980D1BEC9E8500B59B62 /* Item.m in Sources */,
				512898041BEC99BF00B59B62 /* ShopTableViewController.m in Sources */,
				512897ED1BEC869800B59B62 /* AppDelegate.m in Sources */,
				512897EA1BEC869800B59B62 /* main.m in Sources */,
				5128980A1BEC9E2600B59B62 /* ShopManager.m in Sources */,
				512898071BEC9B5100B59B62 /* Helper.m in Sources */,
			);
			runOnlyForDeploymentPostprocessing = 0;
		};
/* End PBXSourcesBuildPhase section */

/* Begin PBXVariantGroup section */
		512897F11BEC869800B59B62 /* Main.storyboard */ = {
			isa = PBXVariantGroup;
			children = (
				512897F21BEC869800B59B62 /* Base */,
			);
			name = Main.storyboard;
			sourceTree = "<group>";
		};
		512897F61BEC869800B59B62 /* LaunchScreen.storyboard */ = {
			isa = PBXVariantGroup;
			children = (
				512897F71BEC869800B59B62 /* Base */,
			);
			name = LaunchScreen.storyboard;
			sourceTree = "<group>";
		};
/* End PBXVariantGroup section */

/* Begin XCBuildConfiguration section */
		512897FA1BEC869800B59B62 /* Debug */ = {
			isa = XCBuildConfiguration;
			buildSettings = {
				ALWAYS_SEARCH_USER_PATHS = NO;
				CLANG_CXX_LANGUAGE_STANDARD = "gnu++0x";
				CLANG_CXX_LIBRARY = "libc++";
				CLANG_ENABLE_MODULES = YES;
				CLANG_ENABLE_OBJC_ARC = YES;
				CLANG_WARN_BOOL_CONVERSION = YES;
				CLANG_WARN_CONSTANT_CONVERSION = YES;
				CLANG_WARN_DIRECT_OBJC_ISA_USAGE = YES_ERROR;
				CLANG_WARN_EMPTY_BODY = YES;
				CLANG_WARN_ENUM_CONVERSION = YES;
				CLANG_WARN_INT_CONVERSION = YES;
				CLANG_WARN_OBJC_ROOT_CLASS = YES_ERROR;
				CLANG_WARN_UNREACHABLE_CODE = YES;
				CLANG_WARN__DUPLICATE_METHOD_MATCH = YES;
				"CODE_SIGN_IDENTITY[sdk=iphoneos*]" = "iPhone Developer";
				COPY_PHASE_STRIP = NO;
				DEBUG_INFORMATION_FORMAT = dwarf;
				ENABLE_STRICT_OBJC_MSGSEND = YES;
				ENABLE_TESTABILITY = YES;
				GCC_C_LANGUAGE_STANDARD = gnu99;
				GCC_DYNAMIC_NO_PIC = NO;
				GCC_NO_COMMON_BLOCKS = YES;
				GCC_OPTIMIZATION_LEVEL = 0;
				GCC_PREPROCESSOR_DEFINITIONS = (
					"DEBUG=1",
					"$(inherited)",
				);
				GCC_WARN_64_TO_32_BIT_CONVERSION = YES;
				GCC_WARN_ABOUT_RETURN_TYPE = YES_ERROR;
				GCC_WARN_UNDECLARED_SELECTOR = YES;
				GCC_WARN_UNINITIALIZED_AUTOS = YES_AGGRESSIVE;
				GCC_WARN_UNUSED_FUNCTION = YES;
				GCC_WARN_UNUSED_VARIABLE = YES;
				IPHONEOS_DEPLOYMENT_TARGET = 9.1;
				MTL_ENABLE_DEBUG_INFO = YES;
				ONLY_ACTIVE_ARCH = YES;
				SDKROOT = iphoneos;
				TARGETED_DEVICE_FAMILY = "1,2";
			};
			name = Debug;
		};
		512897FB1BEC869800B59B62 /* Release */ = {
			isa = XCBuildConfiguration;
			buildSettings = {
				ALWAYS_SEARCH_USER_PATHS = NO;
				CLANG_CXX_LANGUAGE_STANDARD = "gnu++0x";
				CLANG_CXX_LIBRARY = "libc++";
				CLANG_ENABLE_MODULES = YES;
				CLANG_ENABLE_OBJC_ARC = YES;
				CLANG_WARN_BOOL_CONVERSION = YES;
				CLANG_WARN_CONSTANT_CONVERSION = YES;
				CLANG_WARN_DIRECT_OBJC_ISA_USAGE = YES_ERROR;
				CLANG_WARN_EMPTY_BODY = YES;
				CLANG_WARN_ENUM_CONVERSION = YES;
				CLANG_WARN_INT_CONVERSION = YES;
				CLANG_WARN_OBJC_ROOT_CLASS = YES_ERROR;
				CLANG_WARN_UNREACHABLE_CODE = YES;
				CLANG_WARN__DUPLICATE_METHOD_MATCH = YES;
				"CODE_SIGN_IDENTITY[sdk=iphoneos*]" = "iPhone Developer";
				COPY_PHASE_STRIP = NO;
				DEBUG_INFORMATION_FORMAT = "dwarf-with-dsym";
				ENABLE_NS_ASSERTIONS = NO;
				ENABLE_STRICT_OBJC_MSGSEND = YES;
				GCC_C_LANGUAGE_STANDARD = gnu99;
				GCC_NO_COMMON_BLOCKS = YES;
				GCC_WARN_64_TO_32_BIT_CONVERSION = YES;
				GCC_WARN_ABOUT_RETURN_TYPE = YES_ERROR;
				GCC_WARN_UNDECLARED_SELECTOR = YES;
				GCC_WARN_UNINITIALIZED_AUTOS = YES_AGGRESSIVE;
				GCC_WARN_UNUSED_FUNCTION = YES;
				GCC_WARN_UNUSED_VARIABLE = YES;
				IPHONEOS_DEPLOYMENT_TARGET = 9.1;
				MTL_ENABLE_DEBUG_INFO = NO;
				SDKROOT = iphoneos;
				TARGETED_DEVICE_FAMILY = "1,2";
				VALIDATE_PRODUCT = YES;
			};
			name = Release;
		};
		512897FD1BEC869800B59B62 /* Debug */ = {
			isa = XCBuildConfiguration;
			buildSettings = {
				ASSETCATALOG_COMPILER_APPICON_NAME = AppIcon;
				INFOPLIST_FILE = eShop/Info.plist;
				LD_RUNPATH_SEARCH_PATHS = "$(inherited) @executable_path/Frameworks";
				PRODUCT_BUNDLE_IDENTIFIER = com.VasylKotsiuba.eShop;
				PRODUCT_NAME = "$(TARGET_NAME)";
			};
			name = Debug;
		};
		512897FE1BEC869800B59B62 /* Release */ = {
			isa = XCBuildConfiguration;
			buildSettings = {
				ASSETCATALOG_COMPILER_APPICON_NAME = AppIcon;
				INFOPLIST_FILE = eShop/Info.plist;
				LD_RUNPATH_SEARCH_PATHS = "$(inherited) @executable_path/Frameworks";
				PRODUCT_BUNDLE_IDENTIFIER = com.VasylKotsiuba.eShop;
				PRODUCT_NAME = "$(TARGET_NAME)";
			};
			name = Release;
		};
/* End XCBuildConfiguration section */

/* Begin XCConfigurationList section */
		512897E01BEC869800B59B62 /* Build configuration list for PBXProject "eShop" */ = {
			isa = XCConfigurationList;
			buildConfigurations = (
				512897FA1BEC869800B59B62 /* Debug */,
				512897FB1BEC869800B59B62 /* Release */,
			);
			defaultConfigurationIsVisible = 0;
			defaultConfigurationName = Release;
		};
		512897FC1BEC869800B59B62 /* Build configuration list for PBXNativeTarget "eShop" */ = {
			isa = XCConfigurationList;
			buildConfigurations = (
				512897FD1BEC869800B59B62 /* Debug */,
				512897FE1BEC869800B59B62 /* Release */,
			);
			defaultConfigurationIsVisible = 0;
			defaultConfigurationName = Release;
		};
/* End XCConfigurationList section */
	};
	rootObject = 512897DD1BEC869800B59B62 /* Project object */;
}
